PODS:
  - Constraint (0.9.4)
  - FBSnapshotTestCase (2.1.4):
    - FBSnapshotTestCase/SwiftSupport (= 2.1.4)
  - FBSnapshotTestCase/Core (2.1.4)
  - FBSnapshotTestCase/SwiftSupport (2.1.4):
    - FBSnapshotTestCase/Core

DEPENDENCIES:
  - Constraint (from `../`)
  - FBSnapshotTestCase (~> 2.1.4)

SPEC REPOS:
  https://github.com/CocoaPods/Specs.git:
    - FBSnapshotTestCase

EXTERNAL SOURCES:
  Constraint:
    :path: "../"

SPEC CHECKSUMS:
  Constraint: 73782f186cc72b2e5e9efb7464eb02a1d791ec3f
  FBSnapshotTestCase: 094f9f314decbabe373b87cc339bea235a63e07a

PODFILE CHECKSUM: 5152d139663cc73362c4cfe79d571d21c2e292a6

COCOAPODS: 1.8.4
